PODS:
  - LibTorch-Lite (1.10.0):
    - LibTorch-Lite/Core (= 1.10.0)
  - LibTorch-Lite/Core (1.10.0):
    - LibTorch-Lite/Torch
  - LibTorch-Lite/Torch (1.10.0)

DEPENDENCIES:
  - LibTorch-Lite (~> 1.10.0)

SPEC REPOS:
  trunk:
    - LibTorch-Lite

SPEC CHECKSUMS:
  LibTorch-Lite: 1e06028172ee5aecc12a01da6e6f3fe0bc3541c6

PODFILE CHECKSUM: 5503f5b01ffba2dd1a8e8edd88ca857ebe52eeb2

COCOAPODS: 1.12.1
